// !$*UTF8*$!
{
	archiveVersion = 1;
	classes = {
	};
	objectVersion = 46;
	objects = {

/* Begin PBXBuildFile section */
		A58CE5491C7F041B002B876E /* main.m in Sources */ = {isa = PBXBuildFile; fileRef = A58CE5481C7F041B002B876E /* main.m */; };
		A58CE54C1C7F041B002B876E /* AppDelegate.m in Sources */ = {isa = PBXBuildFile; fileRef = A58CE54B1C7F041B002B876E /* AppDelegate.m */; };
		A58CE5521C7F041B002B876E /* Main.storyboard in Resources */ = {isa = PBXBuildFile; fileRef = A58CE5501C7F041B002B876E /* Main.storyboard */; };
		A58CE5541C7F041B002B876E /* Assets.xcassets in Resources */ = {isa = PBXBuildFile; fileRef = A58CE5531C7F041B002B876E /* Assets.xcassets */; };
		A58CE5571C7F041B002B876E /* LaunchScreen.storyboard in Resources */ = {isa = PBXBuildFile; fileRef = A58CE5551C7F041B002B876E /* LaunchScreen.storyboard */; };
		A58CE5621C7F041B002B876E /* MathForKidsTests.m in Sources */ = {isa = PBXBuildFile; fileRef = A58CE5611C7F041B002B876E /* MathForKidsTests.m */; };
		A58CE56D1C7F041B002B876E /* MathForKidsUITests.m in Sources */ = {isa = PBXBuildFile; fileRef = A58CE56C1C7F041B002B876E /* MathForKidsUITests.m */; };
		A58CE57C1C7F0460002B876E /* RootViewController.m in Sources */ = {isa = PBXBuildFile; fileRef = A58CE57B1C7F0460002B876E /* RootViewController.m */; };
		A58CE5801C7F0672002B876E /* HomeViewController.m in Sources */ = {isa = PBXBuildFile; fileRef = A58CE57E1C7F0672002B876E /* HomeViewController.m */; };
		A58CE58A1C7F1415002B876E /* TutorialViewController.m in Sources */ = {isa = PBXBuildFile; fileRef = A58CE5881C7F1415002B876E /* TutorialViewController.m */; };
		A58CE58B1C7F1415002B876E /* TutorialViewController.xib in Resources */ = {isa = PBXBuildFile; fileRef = A58CE5891C7F1415002B876E /* TutorialViewController.xib */; };
		A58CE58F1C7F196F002B876E /* CountingViewController.m in Sources */ = {isa = PBXBuildFile; fileRef = A58CE58D1C7F196F002B876E /* CountingViewController.m */; };
		A58CE5901C7F196F002B876E /* CountingViewController.xib in Resources */ = {isa = PBXBuildFile; fileRef = A58CE58E1C7F196F002B876E /* CountingViewController.xib */; };
		A58CE5941C7F199E002B876E /* AdditionViewController.m in Sources */ = {isa = PBXBuildFile; fileRef = A58CE5921C7F199E002B876E /* AdditionViewController.m */; };
		A58CE5951C7F199E002B876E /* AdditionViewController.xib in Resources */ = {isa = PBXBuildFile; fileRef = A58CE5931C7F199E002B876E /* AdditionViewController.xib */; };
		A58CE5991C7F1A12002B876E /* SubtractionViewController.m in Sources */ = {isa = PBXBuildFile; fileRef = A58CE5971C7F1A12002B876E /* SubtractionViewController.m */; };
		A58CE59A1C7F1A12002B876E /* SubtractionViewController.xib in Resources */ = {isa = PBXBuildFile; fileRef = A58CE5981C7F1A12002B876E /* SubtractionViewController.xib */; };
		A58CE59E1C7F1A2D002B876E /* ShapeViewController.m in Sources */ = {isa = PBXBuildFile; fileRef = A58CE59C1C7F1A2D002B876E /* ShapeViewController.m */; };
		A58CE59F1C7F1A2D002B876E /* ShapeViewController.xib in Resources */ = {isa = PBXBuildFile; fileRef = A58CE59D1C7F1A2D002B876E /* ShapeViewController.xib */; };
/* End PBXBuildFile section */

/* Begin PBXContainerItemProxy section */
		A58CE55E1C7F041B002B876E /* PBXContainerItemProxy */ = {
			isa = PBXContainerItemProxy;
			containerPortal = A58CE53C1C7F041B002B876E /* Project object */;
			proxyType = 1;
			remoteGlobalIDString = A58CE5431C7F041B002B876E;
			remoteInfo = MathForKids;
		};
		A58CE5691C7F041B002B876E /* PBXContainerItemProxy */ = {
			isa = PBXContainerItemProxy;
			containerPortal = A58CE53C1C7F041B002B876E /* Project object */;
			proxyType = 1;
			remoteGlobalIDString = A58CE5431C7F041B002B876E;
			remoteInfo = MathForKids;
		};
/* End PBXContainerItemProxy section */

/* Begin PBXFileReference section */
		A58CE5441C7F041B002B876E /* MathForKids.app */ = {isa = PBXFileReference; explicitFileType = wrapper.application; includeInIndex = 0; path = MathForKids.app; sourceTree = BUILT_PRODUCTS_DIR; };
		A58CE5481C7F041B002B876E /* main.m */ = {isa = PBXFileReference; lastKnownFileType = sourcecode.c.objc; path = main.m; sourceTree = "<group>"; };
		A58CE54A1C7F041B002B876E /* AppDelegate.h */ = {isa = PBXFileReference; lastKnownFileType = sourcecode.c.h; path = AppDelegate.h; sourceTree = "<group>"; };
		A58CE54B1C7F041B002B876E /* AppDelegate.m */ = {isa = PBXFileReference; lastKnownFileType = sourcecode.c.objc; path = AppDelegate.m; sourceTree = "<group>"; };
		A58CE5511C7F041B002B876E /* Base */ = {isa = PBXFileReference; lastKnownFileType = file.storyboard; name = Base; path = Base.lproj/Main.storyboard; sourceTree = "<group>"; };
		A58CE5531C7F041B002B876E /* Assets.xcassets */ = {isa = PBXFileReference; lastKnownFileType = folder.assetcatalog; path = Assets.xcassets; sourceTree = "<group>"; };
		A58CE5561C7F041B002B876E /* Base */ = {isa = PBXFileReference; lastKnownFileType = file.storyboard; name = Base; path = Base.lproj/LaunchScreen.storyboard; sourceTree = "<group>"; };
		A58CE5581C7F041B002B876E /* Info.plist */ = {isa = PBXFileReference; lastKnownFileType = text.plist.xml; path = Info.plist; sourceTree = "<group>"; };
		A58CE55D1C7F041B002B876E /* MathForKidsTests.xctest */ = {isa = PBXFileReference; explicitFileType = wrapper.cfbundle; includeInIndex = 0; path = MathForKidsTests.xctest; sourceTree = BUILT_PRODUCTS_DIR; };
		A58CE5611C7F041B002B876E /* MathForKidsTests.m */ = {isa = PBXFileReference; lastKnownFileType = sourcecode.c.objc; path = MathForKidsTests.m; sourceTree = "<group>"; };
		A58CE5631C7F041B002B876E /* Info.plist */ = {isa = PBXFileReference; lastKnownFileType = text.plist.xml; path = Info.plist; sourceTree = "<group>"; };
		A58CE5681C7F041B002B876E /* MathForKidsUITests.xctest */ = {isa = PBXFileReference; explicitFileType = wrapper.cfbundle; includeInIndex = 0; path = MathForKidsUITests.xctest; sourceTree = BUILT_PRODUCTS_DIR; };
		A58CE56C1C7F041B002B876E /* MathForKidsUITests.m */ = {isa = PBXFileReference; lastKnownFileType = sourcecode.c.objc; path = MathForKidsUITests.m; sourceTree = "<group>"; };
		A58CE56E1C7F041B002B876E /* Info.plist */ = {isa = PBXFileReference; lastKnownFileType = text.plist.xml; path = Info.plist; sourceTree = "<group>"; };
		A58CE57A1C7F0460002B876E /* RootViewController.h */ = {isa = PBXFileReference; fileEncoding = 4; lastKnownFileType = sourcecode.c.h; path = RootViewController.h; sourceTree = "<group>"; };
		A58CE57B1C7F0460002B876E /* RootViewController.m */ = {isa = PBXFileReference; fileEncoding = 4; lastKnownFileType = sourcecode.c.objc; path = RootViewController.m; sourceTree = "<group>"; };
		A58CE57D1C7F0672002B876E /* HomeViewController.h */ = {isa = PBXFileReference; fileEncoding = 4; lastKnownFileType = sourcecode.c.h; path = HomeViewController.h; sourceTree = "<group>"; };
		A58CE57E1C7F0672002B876E /* HomeViewController.m */ = {isa = PBXFileReference; fileEncoding = 4; lastKnownFileType = sourcecode.c.objc; path = HomeViewController.m; sourceTree = "<group>"; };
		A58CE5871C7F1415002B876E /* TutorialViewController.h */ = {isa = PBXFileReference; fileEncoding = 4; lastKnownFileType = sourcecode.c.h; path = TutorialViewController.h; sourceTree = "<group>"; };
		A58CE5881C7F1415002B876E /* TutorialViewController.m */ = {isa = PBXFileReference; fileEncoding = 4; lastKnownFileType = sourcecode.c.objc; path = TutorialViewController.m; sourceTree = "<group>"; };
		A58CE5891C7F1415002B876E /* TutorialViewController.xib */ = {isa = PBXFileReference; fileEncoding = 4; lastKnownFileType = file.xib; path = TutorialViewController.xib; sourceTree = "<group>"; };
		A58CE58C1C7F196F002B876E /* CountingViewController.h */ = {isa = PBXFileReference; fileEncoding = 4; lastKnownFileType = sourcecode.c.h; path = CountingViewController.h; sourceTree = "<group>"; };
		A58CE58D1C7F196F002B876E /* CountingViewController.m */ = {isa = PBXFileReference; fileEncoding = 4; lastKnownFileType = sourcecode.c.objc; path = CountingViewController.m; sourceTree = "<group>"; };
		A58CE58E1C7F196F002B876E /* CountingViewController.xib */ = {isa = PBXFileReference; fileEncoding = 4; lastKnownFileType = file.xib; path = CountingViewController.xib; sourceTree = "<group>"; };
		A58CE5911C7F199E002B876E /* AdditionViewController.h */ = {isa = PBXFileReference; fileEncoding = 4; lastKnownFileType = sourcecode.c.h; path = AdditionViewController.h; sourceTree = "<group>"; };
		A58CE5921C7F199E002B876E /* AdditionViewController.m */ = {isa = PBXFileReference; fileEncoding = 4; lastKnownFileType = sourcecode.c.objc; path = AdditionViewController.m; sourceTree = "<group>"; };
		A58CE5931C7F199E002B876E /* AdditionViewController.xib */ = {isa = PBXFileReference; fileEncoding = 4; lastKnownFileType = file.xib; path = AdditionViewController.xib; sourceTree = "<group>"; };
		A58CE5961C7F1A12002B876E /* SubtractionViewController.h */ = {isa = PBXFileReference; fileEncoding = 4; lastKnownFileType = sourcecode.c.h; path = SubtractionViewController.h; sourceTree = "<group>"; };
		A58CE5971C7F1A12002B876E /* SubtractionViewController.m */ = {isa = PBXFileReference; fileEncoding = 4; lastKnownFileType = sourcecode.c.objc; path = SubtractionViewController.m; sourceTree = "<group>"; };
		A58CE5981C7F1A12002B876E /* SubtractionViewController.xib */ = {isa = PBXFileReference; fileEncoding = 4; lastKnownFileType = file.xib; path = SubtractionViewController.xib; sourceTree = "<group>"; };
		A58CE59B1C7F1A2D002B876E /* ShapeViewController.h */ = {isa = PBXFileReference; fileEncoding = 4; lastKnownFileType = sourcecode.c.h; path = ShapeViewController.h; sourceTree = "<group>"; };
		A58CE59C1C7F1A2D002B876E /* ShapeViewController.m */ = {isa = PBXFileReference; fileEncoding = 4; lastKnownFileType = sourcecode.c.objc; path = ShapeViewController.m; sourceTree = "<group>"; };
		A58CE59D1C7F1A2D002B876E /* ShapeViewController.xib */ = {isa = PBXFileReference; fileEncoding = 4; lastKnownFileType = file.xib; path = ShapeViewController.xib; sourceTree = "<group>"; };
/* End PBXFileReference section */

/* Begin PBXFrameworksBuildPhase section */
		A58CE5411C7F041B002B876E /* Frameworks */ = {
			isa = PBXFrameworksBuildPhase;
			buildActionMask = 2147483647;
			files = (
			);
			runOnlyForDeploymentPostprocessing = 0;
		};
		A58CE55A1C7F041B002B876E /* Frameworks */ = {
			isa = PBXFrameworksBuildPhase;
			buildActionMask = 2147483647;
			files = (
			);
			runOnlyForDeploymentPostprocessing = 0;
		};
		A58CE5651C7F041B002B876E /* Frameworks */ = {
			isa = PBXFrameworksBuildPhase;
			buildActionMask = 2147483647;
			files = (
			);
			runOnlyForDeploymentPostprocessing = 0;
		};
/* End PBXFrameworksBuildPhase section */

/* Begin PBXGroup section */
		A58CE53B1C7F041B002B876E = {
			isa = PBXGroup;
			children = (
				A58CE5461C7F041B002B876E /* MathForKids */,
				A58CE5601C7F041B002B876E /* MathForKidsTests */,
				A58CE56B1C7F041B002B876E /* MathForKidsUITests */,
				A58CE5451C7F041B002B876E /* Products */,
			);
			sourceTree = "<group>";
		};
		A58CE5451C7F041B002B876E /* Products */ = {
			isa = PBXGroup;
			children = (
				A58CE5441C7F041B002B876E /* MathForKids.app */,
				A58CE55D1C7F041B002B876E /* MathForKidsTests.xctest */,
				A58CE5681C7F041B002B876E /* MathForKidsUITests.xctest */,
			);
			name = Products;
			sourceTree = "<group>";
		};
		A58CE5461C7F041B002B876E /* MathForKids */ = {
			isa = PBXGroup;
			children = (
				A58CE5911C7F199E002B876E /* AdditionViewController.h */,
				A58CE5921C7F199E002B876E /* AdditionViewController.m */,
				A58CE5931C7F199E002B876E /* AdditionViewController.xib */,
				A58CE5871C7F1415002B876E /* TutorialViewController.h */,
				A58CE5881C7F1415002B876E /* TutorialViewController.m */,
				A58CE5891C7F1415002B876E /* TutorialViewController.xib */,
				A58CE58C1C7F196F002B876E /* CountingViewController.h */,
				A58CE58D1C7F196F002B876E /* CountingViewController.m */,
				A58CE58E1C7F196F002B876E /* CountingViewController.xib */,
				A58CE5961C7F1A12002B876E /* SubtractionViewController.h */,
				A58CE5971C7F1A12002B876E /* SubtractionViewController.m */,
				A58CE5981C7F1A12002B876E /* SubtractionViewController.xib */,
				A58CE59B1C7F1A2D002B876E /* ShapeViewController.h */,
				A58CE59C1C7F1A2D002B876E /* ShapeViewController.m */,
				A58CE59D1C7F1A2D002B876E /* ShapeViewController.xib */,
				A58CE54A1C7F041B002B876E /* AppDelegate.h */,
				A58CE54B1C7F041B002B876E /* AppDelegate.m */,
				A58CE57D1C7F0672002B876E /* HomeViewController.h */,
				A58CE57E1C7F0672002B876E /* HomeViewController.m */,
				A58CE57A1C7F0460002B876E /* RootViewController.h */,
				A58CE57B1C7F0460002B876E /* RootViewController.m */,
				A58CE5501C7F041B002B876E /* Main.storyboard */,
				A58CE5531C7F041B002B876E /* Assets.xcassets */,
				A58CE5551C7F041B002B876E /* LaunchScreen.storyboard */,
				A58CE5581C7F041B002B876E /* Info.plist */,
				A58CE5471C7F041B002B876E /* Supporting Files */,
			);
			path = MathForKids;
			sourceTree = "<group>";
		};
		A58CE5471C7F041B002B876E /* Supporting Files */ = {
			isa = PBXGroup;
			children = (
				A58CE5481C7F041B002B876E /* main.m */,
			);
			name = "Supporting Files";
			sourceTree = "<group>";
		};
		A58CE5601C7F041B002B876E /* MathForKidsTests */ = {
			isa = PBXGroup;
			children = (
				A58CE5611C7F041B002B876E /* MathForKidsTests.m */,
				A58CE5631C7F041B002B876E /* Info.plist */,
			);
			path = MathForKidsTests;
			sourceTree = "<group>";
		};
		A58CE56B1C7F041B002B876E /* MathForKidsUITests */ = {
			isa = PBXGroup;
			children = (
				A58CE56C1C7F041B002B876E /* MathForKidsUITests.m */,
				A58CE56E1C7F041B002B876E /* Info.plist */,
			);
			path = MathForKidsUITests;
			sourceTree = "<group>";
		};
/* End PBXGroup section */

/* Begin PBXNativeTarget section */
		A58CE5431C7F041B002B876E /* MathForKids */ = {
			isa = PBXNativeTarget;
			buildConfigurationList = A58CE5711C7F041B002B876E /* Build configuration list for PBXNativeTarget "MathForKids" */;
			buildPhases = (
				A58CE5401C7F041B002B876E /* Sources */,
				A58CE5411C7F041B002B876E /* Frameworks */,
				A58CE5421C7F041B002B876E /* Resources */,
			);
			buildRules = (
			);
			dependencies = (
			);
			name = MathForKids;
			productName = MathForKids;
			productReference = A58CE5441C7F041B002B876E /* MathForKids.app */;
			productType = "com.apple.product-type.application";
		};
		A58CE55C1C7F041B002B876E /* MathForKidsTests */ = {
			isa = PBXNativeTarget;
			buildConfigurationList = A58CE5741C7F041B002B876E /* Build configuration list for PBXNativeTarget "MathForKidsTests" */;
			buildPhases = (
				A58CE5591C7F041B002B876E /* Sources */,
				A58CE55A1C7F041B002B876E /* Frameworks */,
				A58CE55B1C7F041B002B876E /* Resources */,
			);
			buildRules = (
			);
			dependencies = (
				A58CE55F1C7F041B002B876E /* PBXTargetDependency */,
			);
			name = MathForKidsTests;
			productName = MathForKidsTests;
			productReference = A58CE55D1C7F041B002B876E /* MathForKidsTests.xctest */;
			productType = "com.apple.product-type.bundle.unit-test";
		};
		A58CE5671C7F041B002B876E /* MathForKidsUITests */ = {
			isa = PBXNativeTarget;
			buildConfigurationList = A58CE5771C7F041B002B876E /* Build configuration list for PBXNativeTarget "MathForKidsUITests" */;
			buildPhases = (
				A58CE5641C7F041B002B876E /* Sources */,
				A58CE5651C7F041B002B876E /* Frameworks */,
				A58CE5661C7F041B002B876E /* Resources */,
			);
			buildRules = (
			);
			dependencies = (
				A58CE56A1C7F041B002B876E /* PBXTargetDependency */,
			);
			name = MathForKidsUITests;
			productName = MathForKidsUITests;
			productReference = A58CE5681C7F041B002B876E /* MathForKidsUITests.xctest */;
			productType = "com.apple.product-type.bundle.ui-testing";
		};
/* End PBXNativeTarget section */

/* Begin PBXProject section */
		A58CE53C1C7F041B002B876E /* Project object */ = {
			isa = PBXProject;
			attributes = {
				LastUpgradeCheck = 0720;
				ORGANIZATIONNAME = 398group16;
				TargetAttributes = {
					A58CE5431C7F041B002B876E = {
						CreatedOnToolsVersion = 7.2.1;
					};
					A58CE55C1C7F041B002B876E = {
						CreatedOnToolsVersion = 7.2.1;
						TestTargetID = A58CE5431C7F041B002B876E;
					};
					A58CE5671C7F041B002B876E = {
						CreatedOnToolsVersion = 7.2.1;
						TestTargetID = A58CE5431C7F041B002B876E;
					};
				};
			};
			buildConfigurationList = A58CE53F1C7F041B002B876E /* Build configuration list for PBXProject "MathForKids" */;
			compatibilityVersion = "Xcode 3.2";
			developmentRegion = English;
			hasScannedForEncodings = 0;
			knownRegions = (
				en,
				Base,
			);
			mainGroup = A58CE53B1C7F041B002B876E;
			productRefGroup = A58CE5451C7F041B002B876E /* Products */;
			projectDirPath = "";
			projectRoot = "";
			targets = (
				A58CE5431C7F041B002B876E /* MathForKids */,
				A58CE55C1C7F041B002B876E /* MathForKidsTests */,
				A58CE5671C7F041B002B876E /* MathForKidsUITests */,
			);
		};
/* End PBXProject section */

/* Begin PBXResourcesBuildPhase section */
		A58CE5421C7F041B002B876E /* Resources */ = {
			isa = PBXResourcesBuildPhase;
			buildActionMask = 2147483647;
			files = (
				A58CE59F1C7F1A2D002B876E /* ShapeViewController.xib in Resources */,
				A58CE5951C7F199E002B876E /* AdditionViewController.xib in Resources */,
				A58CE5901C7F196F002B876E /* CountingViewController.xib in Resources */,
				A58CE5571C7F041B002B876E /* LaunchScreen.storyboard in Resources */,
				A58CE5541C7F041B002B876E /* Assets.xcassets in Resources */,
				A58CE59A1C7F1A12002B876E /* SubtractionViewController.xib in Resources */,
				A58CE58B1C7F1415002B876E /* TutorialViewController.xib in Resources */,
				A58CE5521C7F041B002B876E /* Main.storyboard in Resources */,
			);
			runOnlyForDeploymentPostprocessing = 0;
		};
		A58CE55B1C7F041B002B876E /* Resources */ = {
			isa = PBXResourcesBuildPhase;
			buildActionMask = 2147483647;
			files = (
			);
			runOnlyForDeploymentPostprocessing = 0;
		};
		A58CE5661C7F041B002B876E /* Resources */ = {
			isa = PBXResourcesBuildPhase;
			buildActionMask = 2147483647;
			files = (
			);
			runOnlyForDeploymentPostprocessing = 0;
		};
/* End PBXResourcesBuildPhase section */

/* Begin PBXSourcesBuildPhase section */
		A58CE5401C7F041B002B876E /* Sources */ = {
			isa = PBXSourcesBuildPhase;
			buildActionMask = 2147483647;
			files = (
				A58CE54C1C7F041B002B876E /* AppDelegate.m in Sources */,
				A58CE58F1C7F196F002B876E /* CountingViewController.m in Sources */,
				A58CE5491C7F041B002B876E /* main.m in Sources */,
				A58CE59E1C7F1A2D002B876E /* ShapeViewController.m in Sources */,
				A58CE5991C7F1A12002B876E /* SubtractionViewController.m in Sources */,
				A58CE5941C7F199E002B876E /* AdditionViewController.m in Sources */,
				A58CE57C1C7F0460002B876E /* RootViewController.m in Sources */,
				A58CE5801C7F0672002B876E /* HomeViewController.m in Sources */,
				A58CE58A1C7F1415002B876E /* TutorialViewController.m in Sources */,
			);
			runOnlyForDeploymentPostprocessing = 0;
		};
		A58CE5591C7F041B002B876E /* Sources */ = {
			isa = PBXSourcesBuildPhase;
			buildActionMask = 2147483647;
			files = (
				A58CE5621C7F041B002B876E /* MathForKidsTests.m in Sources */,
			);
			runOnlyForDeploymentPostprocessing = 0;
		};
		A58CE5641C7F041B002B876E /* Sources */ = {
			isa = PBXSourcesBuildPhase;
			buildActionMask = 2147483647;
			files = (
				A58CE56D1C7F041B002B876E /* MathForKidsUITests.m in Sources */,
			);
			runOnlyForDeploymentPostprocessing = 0;
		};
/* End PBXSourcesBuildPhase section */

/* Begin PBXTargetDependency section */
		A58CE55F1C7F041B002B876E /* PBXTargetDependency */ = {
			isa = PBXTargetDependency;
			target = A58CE5431C7F041B002B876E /* MathForKids */;
			targetProxy = A58CE55E1C7F041B002B876E /* PBXContainerItemProxy */;
		};
		A58CE56A1C7F041B002B876E /* PBXTargetDependency */ = {
			isa = PBXTargetDependency;
			target = A58CE5431C7F041B002B876E /* MathForKids */;
			targetProxy = A58CE5691C7F041B002B876E /* PBXContainerItemProxy */;
		};
/* End PBXTargetDependency section */

/* Begin PBXVariantGroup section */
		A58CE5501C7F041B002B876E /* Main.storyboard */ = {
			isa = PBXVariantGroup;
			children = (
				A58CE5511C7F041B002B876E /* Base */,
			);
			name = Main.storyboard;
			sourceTree = "<group>";
		};
		A58CE5551C7F041B002B876E /* LaunchScreen.storyboard */ = {
			isa = PBXVariantGroup;
			children = (
				A58CE5561C7F041B002B876E /* Base */,
			);
			name = LaunchScreen.storyboard;
			sourceTree = "<group>";
		};
/* End PBXVariantGroup section */

/* Begin XCBuildConfiguration section */
		A58CE56F1C7F041B002B876E /* Debug */ = {
			isa = XCBuildConfiguration;
			buildSettings = {
				ALWAYS_SEARCH_USER_PATHS = NO;
				CLANG_CXX_LANGUAGE_STANDARD = "gnu++0x";
				CLANG_CXX_LIBRARY = "libc++";
				CLANG_ENABLE_MODULES = YES;
				CLANG_ENABLE_OBJC_ARC = YES;
				CLANG_WARN_BOOL_CONVERSION = YES;
				CLANG_WARN_CONSTANT_CONVERSION = YES;
				CLANG_WARN_DIRECT_OBJC_ISA_USAGE = YES_ERROR;
				CLANG_WARN_EMPTY_BODY = YES;
				CLANG_WARN_ENUM_CONVERSION = YES;
				CLANG_WARN_INT_CONVERSION = YES;
				CLANG_WARN_OBJC_ROOT_CLASS = YES_ERROR;
				CLANG_WARN_UNREACHABLE_CODE = YES;
				CLANG_WARN__DUPLICATE_METHOD_MATCH = YES;
				"CODE_SIGN_IDENTITY[sdk=iphoneos*]" = "iPhone Developer";
				COPY_PHASE_STRIP = NO;
				DEBUG_INFORMATION_FORMAT = dwarf;
				ENABLE_STRICT_OBJC_MSGSEND = YES;
				ENABLE_TESTABILITY = YES;
				GCC_C_LANGUAGE_STANDARD = gnu99;
				GCC_DYNAMIC_NO_PIC = NO;
				GCC_NO_COMMON_BLOCKS = YES;
				GCC_OPTIMIZATION_LEVEL = 0;
				GCC_PREPROCESSOR_DEFINITIONS = (
					"DEBUG=1",
					"$(inherited)",
				);
				GCC_WARN_64_TO_32_BIT_CONVERSION = YES;
				GCC_WARN_ABOUT_RETURN_TYPE = YES_ERROR;
				GCC_WARN_UNDECLARED_SELECTOR = YES;
				GCC_WARN_UNINITIALIZED_AUTOS = YES_AGGRESSIVE;
				GCC_WARN_UNUSED_FUNCTION = YES;
				GCC_WARN_UNUSED_VARIABLE = YES;
				IPHONEOS_DEPLOYMENT_TARGET = 9.2;
				MTL_ENABLE_DEBUG_INFO = YES;
				ONLY_ACTIVE_ARCH = YES;
				SDKROOT = iphoneos;
			};
			name = Debug;
		};
		A58CE5701C7F041B002B876E /* Release */ = {
			isa = XCBuildConfiguration;
			buildSettings = {
				ALWAYS_SEARCH_USER_PATHS = NO;
				CLANG_CXX_LANGUAGE_STANDARD = "gnu++0x";
				CLANG_CXX_LIBRARY = "libc++";
				CLANG_ENABLE_MODULES = YES;
				CLANG_ENABLE_OBJC_ARC = YES;
				CLANG_WARN_BOOL_CONVERSION = YES;
				CLANG_WARN_CONSTANT_CONVERSION = YES;
				CLANG_WARN_DIRECT_OBJC_ISA_USAGE = YES_ERROR;
				CLANG_WARN_EMPTY_BODY = YES;
				CLANG_WARN_ENUM_CONVERSION = YES;
				CLANG_WARN_INT_CONVERSION = YES;
				CLANG_WARN_OBJC_ROOT_CLASS = YES_ERROR;
				CLANG_WARN_UNREACHABLE_CODE = YES;
				CLANG_WARN__DUPLICATE_METHOD_MATCH = YES;
				"CODE_SIGN_IDENTITY[sdk=iphoneos*]" = "iPhone Developer";
				COPY_PHASE_STRIP = NO;
				DEBUG_INFORMATION_FORMAT = "dwarf-with-dsym";
				ENABLE_NS_ASSERTIONS = NO;
				ENABLE_STRICT_OBJC_MSGSEND = YES;
				GCC_C_LANGUAGE_STANDARD = gnu99;
				GCC_NO_COMMON_BLOCKS = YES;
				GCC_WARN_64_TO_32_BIT_CONVERSION = YES;
				GCC_WARN_ABOUT_RETURN_TYPE = YES_ERROR;
				GCC_WARN_UNDECLARED_SELECTOR = YES;
				GCC_WARN_UNINITIALIZED_AUTOS = YES_AGGRESSIVE;
				GCC_WARN_UNUSED_FUNCTION = YES;
				GCC_WARN_UNUSED_VARIABLE = YES;
				IPHONEOS_DEPLOYMENT_TARGET = 9.2;
				MTL_ENABLE_DEBUG_INFO = NO;
				SDKROOT = iphoneos;
				VALIDATE_PRODUCT = YES;
			};
			name = Release;
		};
		A58CE5721C7F041B002B876E /* Debug */ = {
			isa = XCBuildConfiguration;
			buildSettings = {
				ASSETCATALOG_COMPILER_APPICON_NAME = AppIcon;
				INFOPLIST_FILE = MathForKids/Info.plist;
				LD_RUNPATH_SEARCH_PATHS = "$(inherited) @executable_path/Frameworks";
				PRODUCT_BUNDLE_IDENTIFIER = "-98group16.MathForKids";
				PRODUCT_NAME = "$(TARGET_NAME)";
			};
			name = Debug;
		};
		A58CE5731C7F041B002B876E /* Release */ = {
			isa = XCBuildConfiguration;
			buildSettings = {
				ASSETCATALOG_COMPILER_APPICON_NAME = AppIcon;
				INFOPLIST_FILE = MathForKids/Info.plist;
				LD_RUNPATH_SEARCH_PATHS = "$(inherited) @executable_path/Frameworks";
				PRODUCT_BUNDLE_IDENTIFIER = "-98group16.MathForKids";
				PRODUCT_NAME = "$(TARGET_NAME)";
			};
			name = Release;
		};
		A58CE5751C7F041B002B876E /* Debug */ = {
			isa = XCBuildConfiguration;
			buildSettings = {
				BUNDLE_LOADER = "$(TEST_HOST)";
				INFOPLIST_FILE = MathForKidsTests/Info.plist;
				LD_RUNPATH_SEARCH_PATHS = "$(inherited) @executable_path/Frameworks @loader_path/Frameworks";
				PRODUCT_BUNDLE_IDENTIFIER = "-98group16.MathForKidsTests";
				PRODUCT_NAME = "$(TARGET_NAME)";
				TEST_HOST = "$(BUILT_PRODUCTS_DIR)/MathForKids.app/MathForKids";
			};
			name = Debug;
		};
		A58CE5761C7F041B002B876E /* Release */ = {
			isa = XCBuildConfiguration;
			buildSettings = {
				BUNDLE_LOADER = "$(TEST_HOST)";
				INFOPLIST_FILE = MathForKidsTests/Info.plist;
				LD_RUNPATH_SEARCH_PATHS = "$(inherited) @executable_path/Frameworks @loader_path/Frameworks";
				PRODUCT_BUNDLE_IDENTIFIER = "-98group16.MathForKidsTests";
				PRODUCT_NAME = "$(TARGET_NAME)";
				TEST_HOST = "$(BUILT_PRODUCTS_DIR)/MathForKids.app/MathForKids";
			};
			name = Release;
		};
		A58CE5781C7F041B002B876E /* Debug */ = {
			isa = XCBuildConfiguration;
			buildSettings = {
				INFOPLIST_FILE = MathForKidsUITests/Info.plist;
				LD_RUNPATH_SEARCH_PATHS = "$(inherited) @executable_path/Frameworks @loader_path/Frameworks";
				PRODUCT_BUNDLE_IDENTIFIER = "-98group16.MathForKidsUITests";
				PRODUCT_NAME = "$(TARGET_NAME)";
				TEST_TARGET_NAME = MathForKids;
				USES_XCTRUNNER = YES;
			};
			name = Debug;
		};
		A58CE5791C7F041B002B876E /* Release */ = {
			isa = XCBuildConfiguration;
			buildSettings = {
				INFOPLIST_FILE = MathForKidsUITests/Info.plist;
				LD_RUNPATH_SEARCH_PATHS = "$(inherited) @executable_path/Frameworks @loader_path/Frameworks";
				PRODUCT_BUNDLE_IDENTIFIER = "-98group16.MathForKidsUITests";
				PRODUCT_NAME = "$(TARGET_NAME)";
				TEST_TARGET_NAME = MathForKids;
				USES_XCTRUNNER = YES;
			};
			name = Release;
		};
/* End XCBuildConfiguration section */

/* Begin XCConfigurationList section */
		A58CE53F1C7F041B002B876E /* Build configuration list for PBXProject "MathForKids" */ = {
			isa = XCConfigurationList;
			buildConfigurations = (
				A58CE56F1C7F041B002B876E /* Debug */,
				A58CE5701C7F041B002B876E /* Release */,
			);
			defaultConfigurationIsVisible = 0;
			defaultConfigurationName = Release;
		};
		A58CE5711C7F041B002B876E /* Build configuration list for PBXNativeTarget "MathForKids" */ = {
			isa = XCConfigurationList;
			buildConfigurations = (
				A58CE5721C7F041B002B876E /* Debug */,
				A58CE5731C7F041B002B876E /* Release */,
			);
			defaultConfigurationIsVisible = 0;
		};
		A58CE5741C7F041B002B876E /* Build configuration list for PBXNativeTarget "MathForKidsTests" */ = {
			isa = XCConfigurationList;
			buildConfigurations = (
				A58CE5751C7F041B002B876E /* Debug */,
				A58CE5761C7F041B002B876E /* Release */,
			);
			defaultConfigurationIsVisible = 0;
		};
		A58CE5771C7F041B002B876E /* Build configuration list for PBXNativeTarget "MathForKidsUITests" */ = {
			isa = XCConfigurationList;
			buildConfigurations = (
				A58CE5781C7F041B002B876E /* Debug */,
				A58CE5791C7F041B002B876E /* Release */,
			);
			defaultConfigurationIsVisible = 0;
		};
/* End XCConfigurationList section */
	};
	rootObject = A58CE53C1C7F041B002B876E /* Project object */;
}
